// !$*UTF8*$!
{
	archiveVersion = 1;
	classes = {
	};
	objectVersion = 77;
	objects = {

/* Begin PBXBuildFile section */
		BB9B3B442DCF61FE004F57CE /* SpeziHealthKit in Frameworks */ = {isa = PBXBuildFile; productRef = BB9B3B432DCF61FE004F57CE /* SpeziHealthKit */; };
		BB9B3B462DCF61FE004F57CE /* SpeziHealthKitBulkExport in Frameworks */ = {isa = PBXBuildFile; productRef = BB9B3B452DCF61FE004F57CE /* SpeziHealthKitBulkExport */; };
		BB9B3B482DCF61FE004F57CE /* SpeziHealthKitUI in Frameworks */ = {isa = PBXBuildFile; productRef = BB9B3B472DCF61FE004F57CE /* SpeziHealthKitUI */; };
		BB9B3B4E2DCF6F91004F57CE /* SpeziQuestionnaire in Frameworks */ = {isa = PBXBuildFile; productRef = BB9B3B4D2DCF6F91004F57CE /* SpeziQuestionnaire */; };
		BB9B3B502DCF6F91004F57CE /* SpeziTimedWalkTest in Frameworks */ = {isa = PBXBuildFile; productRef = BB9B3B4F2DCF6F91004F57CE /* SpeziTimedWalkTest */; };
/* End PBXBuildFile section */

/* Begin PBXFileReference section */
		BB1DD8CB2DCEC33A00CF7774 /* Alvi-CDTMHack25.app */ = {isa = PBXFileReference; explicitFileType = wrapper.application; includeInIndex = 0; path = "Alvi-CDTMHack25.app"; sourceTree = BUILT_PRODUCTS_DIR; };
/* End PBXFileReference section */

/* Begin PBXFileSystemSynchronizedRootGroup section */
		BB1DD8CD2DCEC33A00CF7774 /* Alvi-CDTMHack25 */ = {
			isa = PBXFileSystemSynchronizedRootGroup;
			path = "Alvi-CDTMHack25";
			sourceTree = "<group>";
		};
/* End PBXFileSystemSynchronizedRootGroup section */

/* Begin PBXFrameworksBuildPhase section */
		BB1DD8C82DCEC33A00CF7774 /* Frameworks */ = {
			isa = PBXFrameworksBuildPhase;
			buildActionMask = 2147483647;
			files = (
				BB9B3B4E2DCF6F91004F57CE /* SpeziQuestionnaire in Frameworks */,
				BB9B3B482DCF61FE004F57CE /* SpeziHealthKitUI in Frameworks */,
				BB9B3B502DCF6F91004F57CE /* SpeziTimedWalkTest in Frameworks */,
				BB9B3B442DCF61FE004F57CE /* SpeziHealthKit in Frameworks */,
				BB9B3B462DCF61FE004F57CE /* SpeziHealthKitBulkExport in Frameworks */,
			);
			runOnlyForDeploymentPostprocessing = 0;
		};
/* End PBXFrameworksBuildPhase section */

/* Begin PBXGroup section */
		BB1DD8C22DCEC33A00CF7774 = {
			isa = PBXGroup;
			children = (
				BB1DD8CD2DCEC33A00CF7774 /* Alvi-CDTMHack25 */,
				BB1DD8CC2DCEC33A00CF7774 /* Products */,
			);
			sourceTree = "<group>";
		};
		BB1DD8CC2DCEC33A00CF7774 /* Products */ = {
			isa = PBXGroup;
			children = (
				BB1DD8CB2DCEC33A00CF7774 /* Alvi-CDTMHack25.app */,
			);
			name = Products;
			sourceTree = "<group>";
		};
/* End PBXGroup section */

/* Begin PBXNativeTarget section */
		BB1DD8CA2DCEC33A00CF7774 /* Alvi-CDTMHack25 */ = {
			isa = PBXNativeTarget;
			buildConfigurationList = BB1DD8D62DCEC33C00CF7774 /* Build configuration list for PBXNativeTarget "Alvi-CDTMHack25" */;
			buildPhases = (
				BB1DD8C72DCEC33A00CF7774 /* Sources */,
				BB1DD8C82DCEC33A00CF7774 /* Frameworks */,
				BB1DD8C92DCEC33A00CF7774 /* Resources */,
			);
			buildRules = (
			);
			dependencies = (
			);
			fileSystemSynchronizedGroups = (
				BB1DD8CD2DCEC33A00CF7774 /* Alvi-CDTMHack25 */,
			);
			name = "Alvi-CDTMHack25";
			packageProductDependencies = (
				BB9B3B432DCF61FE004F57CE /* SpeziHealthKit */,
				BB9B3B452DCF61FE004F57CE /* SpeziHealthKitBulkExport */,
				BB9B3B472DCF61FE004F57CE /* SpeziHealthKitUI */,
				BB9B3B4D2DCF6F91004F57CE /* SpeziQuestionnaire */,
				BB9B3B4F2DCF6F91004F57CE /* SpeziTimedWalkTest */,
			);
			productName = "Alvi-CDTMHack25";
			productReference = BB1DD8CB2DCEC33A00CF7774 /* Alvi-CDTMHack25.app */;
			productType = "com.apple.product-type.application";
		};
/* End PBXNativeTarget section */

/* Begin PBXProject section */
		BB1DD8C32DCEC33A00CF7774 /* Project object */ = {
			isa = PBXProject;
			attributes = {
				BuildIndependentTargetsInParallel = 1;
				LastSwiftUpdateCheck = 1630;
				LastUpgradeCheck = 1630;
				TargetAttributes = {
					BB1DD8CA2DCEC33A00CF7774 = {
						CreatedOnToolsVersion = 16.3;
					};
				};
			};
			buildConfigurationList = BB1DD8C62DCEC33A00CF7774 /* Build configuration list for PBXProject "Alvi-CDTMHack25" */;
			developmentRegion = en;
			hasScannedForEncodings = 0;
			knownRegions = (
				en,
				Base,
			);
			mainGroup = BB1DD8C22DCEC33A00CF7774;
			minimizedProjectReferenceProxies = 1;
			packageReferences = (
				BB1DD8D92DCEC5B900CF7774 /* XCRemoteSwiftPackageReference "ref-OpenHealthCardKit" */,
				BB9B3B422DCF61FE004F57CE /* XCRemoteSwiftPackageReference "SpeziHealthKit" */,
				BB9B3B4C2DCF6F91004F57CE /* XCRemoteSwiftPackageReference "SpeziQuestionnaire" */,
			);
			preferredProjectObjectVersion = 77;
			productRefGroup = BB1DD8CC2DCEC33A00CF7774 /* Products */;
			projectDirPath = "";
			projectRoot = "";
			targets = (
				BB1DD8CA2DCEC33A00CF7774 /* Alvi-CDTMHack25 */,
			);
		};
/* End PBXProject section */

/* Begin PBXResourcesBuildPhase section */
		BB1DD8C92DCEC33A00CF7774 /* Resources */ = {
			isa = PBXResourcesBuildPhase;
			buildActionMask = 2147483647;
			files = (
			);
			runOnlyForDeploymentPostprocessing = 0;
		};
/* End PBXResourcesBuildPhase section */

/* Begin PBXSourcesBuildPhase section */
		BB1DD8C72DCEC33A00CF7774 /* Sources */ = {
			isa = PBXSourcesBuildPhase;
			buildActionMask = 2147483647;
			files = (
			);
			runOnlyForDeploymentPostprocessing = 0;
		};
/* End PBXSourcesBuildPhase section */

/* Begin XCBuildConfiguration section */
		BB1DD8D42DCEC33C00CF7774 /* Debug */ = {
			isa = XCBuildConfiguration;
			buildSettings = {
				ALWAYS_SEARCH_USER_PATHS = NO;
				ASSETCATALOG_COMPILER_GENERATE_SWIFT_ASSET_SYMBOL_EXTENSIONS = YES;
				CLANG_ANALYZER_NONNULL = YES;
				CLANG_ANALYZER_NUMBER_OBJECT_CONVERSION = YES_AGGRESSIVE;
				CLANG_CXX_LANGUAGE_STANDARD = "gnu++20";
				CLANG_ENABLE_MODULES = YES;
				CLANG_ENABLE_OBJC_ARC = YES;
				CLANG_ENABLE_OBJC_WEAK = YES;
				CLANG_WARN_BLOCK_CAPTURE_AUTORELEASING = YES;
				CLANG_WARN_BOOL_CONVERSION = YES;
				CLANG_WARN_COMMA = YES;
				CLANG_WARN_CONSTANT_CONVERSION = YES;
				CLANG_WARN_DEPRECATED_OBJC_IMPLEMENTATIONS = YES;
				CLANG_WARN_DIRECT_OBJC_ISA_USAGE = YES_ERROR;
				CLANG_WARN_DOCUMENTATION_COMMENTS = YES;
				CLANG_WARN_EMPTY_BODY = YES;
				CLANG_WARN_ENUM_CONVERSION = YES;
				CLANG_WARN_INFINITE_RECURSION = YES;
				CLANG_WARN_INT_CONVERSION = YES;
				CLANG_WARN_NON_LITERAL_NULL_CONVERSION = YES;
				CLANG_WARN_OBJC_IMPLICIT_RETAIN_SELF = YES;
				CLANG_WARN_OBJC_LITERAL_CONVERSION = YES;
				CLANG_WARN_OBJC_ROOT_CLASS = YES_ERROR;
				CLANG_WARN_QUOTED_INCLUDE_IN_FRAMEWORK_HEADER = YES;
				CLANG_WARN_RANGE_LOOP_ANALYSIS = YES;
				CLANG_WARN_STRICT_PROTOTYPES = YES;
				CLANG_WARN_SUSPICIOUS_MOVE = YES;
				CLANG_WARN_UNGUARDED_AVAILABILITY = YES_AGGRESSIVE;
				CLANG_WARN_UNREACHABLE_CODE = YES;
				CLANG_WARN__DUPLICATE_METHOD_MATCH = YES;
				COPY_PHASE_STRIP = NO;
				DEBUG_INFORMATION_FORMAT = dwarf;
				DEVELOPMENT_TEAM = V5G338H5V6;
				ENABLE_STRICT_OBJC_MSGSEND = YES;
				ENABLE_TESTABILITY = YES;
				ENABLE_USER_SCRIPT_SANDBOXING = YES;
				GCC_C_LANGUAGE_STANDARD = gnu17;
				GCC_DYNAMIC_NO_PIC = NO;
				GCC_NO_COMMON_BLOCKS = YES;
				GCC_OPTIMIZATION_LEVEL = 0;
				GCC_PREPROCESSOR_DEFINITIONS = (
					"DEBUG=1",
					"$(inherited)",
				);
				GCC_WARN_64_TO_32_BIT_CONVERSION = YES;
				GCC_WARN_ABOUT_RETURN_TYPE = YES_ERROR;
				GCC_WARN_UNDECLARED_SELECTOR = YES;
				GCC_WARN_UNINITIALIZED_AUTOS = YES_AGGRESSIVE;
				GCC_WARN_UNUSED_FUNCTION = YES;
				GCC_WARN_UNUSED_VARIABLE = YES;
				IPHONEOS_DEPLOYMENT_TARGET = 18.4;
				LOCALIZATION_PREFERS_STRING_CATALOGS = YES;
				MTL_ENABLE_DEBUG_INFO = INCLUDE_SOURCE;
				MTL_FAST_MATH = YES;
				ONLY_ACTIVE_ARCH = YES;
				SDKROOT = iphoneos;
				SWIFT_ACTIVE_COMPILATION_CONDITIONS = "DEBUG $(inherited)";
				SWIFT_OPTIMIZATION_LEVEL = "-Onone";
			};
			name = Debug;
		};
		BB1DD8D52DCEC33C00CF7774 /* Release */ = {
			isa = XCBuildConfiguration;
			buildSettings = {
				ALWAYS_SEARCH_USER_PATHS = NO;
				ASSETCATALOG_COMPILER_GENERATE_SWIFT_ASSET_SYMBOL_EXTENSIONS = YES;
				CLANG_ANALYZER_NONNULL = YES;
				CLANG_ANALYZER_NUMBER_OBJECT_CONVERSION = YES_AGGRESSIVE;
				CLANG_CXX_LANGUAGE_STANDARD = "gnu++20";
				CLANG_ENABLE_MODULES = YES;
				CLANG_ENABLE_OBJC_ARC = YES;
				CLANG_ENABLE_OBJC_WEAK = YES;
				CLANG_WARN_BLOCK_CAPTURE_AUTORELEASING = YES;
				CLANG_WARN_BOOL_CONVERSION = YES;
				CLANG_WARN_COMMA = YES;
				CLANG_WARN_CONSTANT_CONVERSION = YES;
				CLANG_WARN_DEPRECATED_OBJC_IMPLEMENTATIONS = YES;
				CLANG_WARN_DIRECT_OBJC_ISA_USAGE = YES_ERROR;
				CLANG_WARN_DOCUMENTATION_COMMENTS = YES;
				CLANG_WARN_EMPTY_BODY = YES;
				CLANG_WARN_ENUM_CONVERSION = YES;
				CLANG_WARN_INFINITE_RECURSION = YES;
				CLANG_WARN_INT_CONVERSION = YES;
				CLANG_WARN_NON_LITERAL_NULL_CONVERSION = YES;
				CLANG_WARN_OBJC_IMPLICIT_RETAIN_SELF = YES;
				CLANG_WARN_OBJC_LITERAL_CONVERSION = YES;
				CLANG_WARN_OBJC_ROOT_CLASS = YES_ERROR;
				CLANG_WARN_QUOTED_INCLUDE_IN_FRAMEWORK_HEADER = YES;
				CLANG_WARN_RANGE_LOOP_ANALYSIS = YES;
				CLANG_WARN_STRICT_PROTOTYPES = YES;
				CLANG_WARN_SUSPICIOUS_MOVE = YES;
				CLANG_WARN_UNGUARDED_AVAILABILITY = YES_AGGRESSIVE;
				CLANG_WARN_UNREACHABLE_CODE = YES;
				CLANG_WARN__DUPLICATE_METHOD_MATCH = YES;
				COPY_PHASE_STRIP = NO;
				DEBUG_INFORMATION_FORMAT = "dwarf-with-dsym";
				DEVELOPMENT_TEAM = V5G338H5V6;
				ENABLE_NS_ASSERTIONS = NO;
				ENABLE_STRICT_OBJC_MSGSEND = YES;
				ENABLE_USER_SCRIPT_SANDBOXING = YES;
				GCC_C_LANGUAGE_STANDARD = gnu17;
				GCC_NO_COMMON_BLOCKS = YES;
				GCC_WARN_64_TO_32_BIT_CONVERSION = YES;
				GCC_WARN_ABOUT_RETURN_TYPE = YES_ERROR;
				GCC_WARN_UNDECLARED_SELECTOR = YES;
				GCC_WARN_UNINITIALIZED_AUTOS = YES_AGGRESSIVE;
				GCC_WARN_UNUSED_FUNCTION = YES;
				GCC_WARN_UNUSED_VARIABLE = YES;
				IPHONEOS_DEPLOYMENT_TARGET = 18.4;
				LOCALIZATION_PREFERS_STRING_CATALOGS = YES;
				MTL_ENABLE_DEBUG_INFO = NO;
				MTL_FAST_MATH = YES;
				SDKROOT = iphoneos;
				SWIFT_COMPILATION_MODE = wholemodule;
				VALIDATE_PRODUCT = YES;
			};
			name = Release;
		};
		BB1DD8D72DCEC33C00CF7774 /* Debug */ = {
			isa = XCBuildConfiguration;
			buildSettings = {
				ASSETCATALOG_COMPILER_APPICON_NAME = AppIcon;
				ASSETCATALOG_COMPILER_GLOBAL_ACCENT_COLOR_NAME = AccentColor;
				CODE_SIGN_ENTITLEMENTS = "Alvi-CDTMHack25/Alvi-CDTMHack25.entitlements";
				CODE_SIGN_STYLE = Automatic;
				CURRENT_PROJECT_VERSION = 1;
				DEVELOPMENT_TEAM = V5G338H5V6;
				ENABLE_PREVIEWS = YES;
				GENERATE_INFOPLIST_FILE = YES;
				INFOPLIST_KEY_NSHealthClinicalHealthRecordsShareUsageDescription = "This is a medical app.";
				INFOPLIST_KEY_NSHealthShareUsageDescription = "This is a medical app.";
				INFOPLIST_KEY_NSHealthUpdateUsageDescription = "This is a medical app.";
				INFOPLIST_KEY_UIApplicationSceneManifest_Generation = YES;
				INFOPLIST_KEY_UIApplicationSupportsIndirectInputEvents = YES;
				INFOPLIST_KEY_UILaunchScreen_Generation = YES;
				INFOPLIST_KEY_UISupportedInterfaceOrientations_iPad = "UIInterfaceOrientationPortrait UIInterfaceOrientationPortraitUpsideDown UIInterfaceOrientationLandscapeLeft UIInterfaceOrientationLandscapeRight";
				INFOPLIST_KEY_UISupportedInterfaceOrientations_iPhone = "UIInterfaceOrientationPortrait UIInterfaceOrientationLandscapeLeft UIInterfaceOrientationLandscapeRight";
				IPHONEOS_DEPLOYMENT_TARGET = 18.0;
				LD_RUNPATH_SEARCH_PATHS = (
					"$(inherited)",
					"@executable_path/Frameworks",
				);
				MARKETING_VERSION = 1.0;
				PRODUCT_BUNDLE_IDENTIFIER = "com.maxrosenblattl.Alvi-CDTMHack25";
				PRODUCT_NAME = "$(TARGET_NAME)";
				SWIFT_EMIT_LOC_STRINGS = YES;
				SWIFT_VERSION = 5.0;
				TARGETED_DEVICE_FAMILY = "1,2";
			};
			name = Debug;
		};
		BB1DD8D82DCEC33C00CF7774 /* Release */ = {
			isa = XCBuildConfiguration;
			buildSettings = {
				ASSETCATALOG_COMPILER_APPICON_NAME = AppIcon;
				ASSETCATALOG_COMPILER_GLOBAL_ACCENT_COLOR_NAME = AccentColor;
				CODE_SIGN_ENTITLEMENTS = "Alvi-CDTMHack25/Alvi-CDTMHack25.entitlements";
				CODE_SIGN_STYLE = Automatic;
				CURRENT_PROJECT_VERSION = 1;
				DEVELOPMENT_TEAM = V5G338H5V6;
				ENABLE_PREVIEWS = YES;
				GENERATE_INFOPLIST_FILE = YES;
				INFOPLIST_KEY_NSHealthClinicalHealthRecordsShareUsageDescription = "This is a medical app.";
				INFOPLIST_KEY_NSHealthShareUsageDescription = "This is a medical app.";
				INFOPLIST_KEY_NSHealthUpdateUsageDescription = "This is a medical app.";
				INFOPLIST_KEY_UIApplicationSceneManifest_Generation = YES;
				INFOPLIST_KEY_UIApplicationSupportsIndirectInputEvents = YES;
				INFOPLIST_KEY_UILaunchScreen_Generation = YES;
				INFOPLIST_KEY_UISupportedInterfaceOrientations_iPad = "UIInterfaceOrientationPortrait UIInterfaceOrientationPortraitUpsideDown UIInterfaceOrientationLandscapeLeft UIInterfaceOrientationLandscapeRight";
				INFOPLIST_KEY_UISupportedInterfaceOrientations_iPhone = "UIInterfaceOrientationPortrait UIInterfaceOrientationLandscapeLeft UIInterfaceOrientationLandscapeRight";
				IPHONEOS_DEPLOYMENT_TARGET = 18.0;
				LD_RUNPATH_SEARCH_PATHS = (
					"$(inherited)",
					"@executable_path/Frameworks",
				);
				MARKETING_VERSION = 1.0;
				PRODUCT_BUNDLE_IDENTIFIER = "com.maxrosenblattl.Alvi-CDTMHack25";
				PRODUCT_NAME = "$(TARGET_NAME)";
				SWIFT_EMIT_LOC_STRINGS = YES;
				SWIFT_VERSION = 5.0;
				TARGETED_DEVICE_FAMILY = "1,2";
			};
			name = Release;
		};
/* End XCBuildConfiguration section */

/* Begin XCConfigurationList section */
		BB1DD8C62DCEC33A00CF7774 /* Build configuration list for PBXProject "Alvi-CDTMHack25" */ = {
			isa = XCConfigurationList;
			buildConfigurations = (
				BB1DD8D42DCEC33C00CF7774 /* Debug */,
				BB1DD8D52DCEC33C00CF7774 /* Release */,
			);
			defaultConfigurationIsVisible = 0;
			defaultConfigurationName = Release;
		};
		BB1DD8D62DCEC33C00CF7774 /* Build configuration list for PBXNativeTarget "Alvi-CDTMHack25" */ = {
			isa = XCConfigurationList;
			buildConfigurations = (
				BB1DD8D72DCEC33C00CF7774 /* Debug */,
				BB1DD8D82DCEC33C00CF7774 /* Release */,
			);
			defaultConfigurationIsVisible = 0;
			defaultConfigurationName = Release;
		};
/* End XCConfigurationList section */

/* Begin XCRemoteSwiftPackageReference section */
		BB1DD8D92DCEC5B900CF7774 /* XCRemoteSwiftPackageReference "ref-OpenHealthCardKit" */ = {
			isa = XCRemoteSwiftPackageReference;
			repositoryURL = "https://github.com/gematik/ref-OpenHealthCardKit";
			requirement = {
				kind = upToNextMajorVersion;
				minimumVersion = 5.11.0;
			};
		};
		BB9B3B422DCF61FE004F57CE /* XCRemoteSwiftPackageReference "SpeziHealthKit" */ = {
			isa = XCRemoteSwiftPackageReference;
			repositoryURL = "https://github.com/StanfordSpezi/SpeziHealthKit.git";
			requirement = {
				kind = upToNextMajorVersion;
				minimumVersion = 1.1.3;
			};
		};
		BB9B3B4C2DCF6F91004F57CE /* XCRemoteSwiftPackageReference "SpeziQuestionnaire" */ = {
			isa = XCRemoteSwiftPackageReference;
			repositoryURL = "https://github.com/StanfordSpezi/SpeziQuestionnaire.git";
			requirement = {
				kind = upToNextMajorVersion;
				minimumVersion = 1.2.3;
			};
		};
/* End XCRemoteSwiftPackageReference section */

/* Begin XCSwiftPackageProductDependency section */
		BB9B3B432DCF61FE004F57CE /* SpeziHealthKit */ = {
			isa = XCSwiftPackageProductDependency;
			package = BB9B3B422DCF61FE004F57CE /* XCRemoteSwiftPackageReference "SpeziHealthKit" */;
			productName = SpeziHealthKit;
		};
		BB9B3B452DCF61FE004F57CE /* SpeziHealthKitBulkExport */ = {
			isa = XCSwiftPackageProductDependency;
			package = BB9B3B422DCF61FE004F57CE /* XCRemoteSwiftPackageReference "SpeziHealthKit" */;
			productName = SpeziHealthKitBulkExport;
		};
		BB9B3B472DCF61FE004F57CE /* SpeziHealthKitUI */ = {
			isa = XCSwiftPackageProductDependency;
			package = BB9B3B422DCF61FE004F57CE /* XCRemoteSwiftPackageReference "SpeziHealthKit" */;
			productName = SpeziHealthKitUI;
		};
		BB9B3B4D2DCF6F91004F57CE /* SpeziQuestionnaire */ = {
			isa = XCSwiftPackageProductDependency;
			package = BB9B3B4C2DCF6F91004F57CE /* XCRemoteSwiftPackageReference "SpeziQuestionnaire" */;
			productName = SpeziQuestionnaire;
		};
		BB9B3B4F2DCF6F91004F57CE /* SpeziTimedWalkTest */ = {
			isa = XCSwiftPackageProductDependency;
			package = BB9B3B4C2DCF6F91004F57CE /* XCRemoteSwiftPackageReference "SpeziQuestionnaire" */;
			productName = SpeziTimedWalkTest;
		};
/* End XCSwiftPackageProductDependency section */
	};
	rootObject = BB1DD8C32DCEC33A00CF7774 /* Project object */;
}
